
Microsoft Visual Studio Solution File, Format Version 12.00
# Visual Studio Version 17
VisualStudioVersion = 17.10.35013.160
MinimumVisualStudioVersion = 10.0.40219.1
Project("{FAE04EC0-301F-11D3-BF4B-00C04F79EFBC}") = "DatingApi", "DatingApi\DatingApi.csproj", "{D3ECD74C-122E-41CF-BB29-4A32991AF458}"
EndProject
Project("{FAE04EC0-301F-11D3-BF4B-00C04F79EFBC}") = "Core", "Core\Core.csproj", "{3555C0D4-D023-4916-9811-00C5EBF13EB1}"
EndProject
Project("{FAE04EC0-301F-11D3-BF4B-00C04F79EFBC}") = "Infrastructure", "Infrastructure\Infrastructure.csproj", "{5004FDAD-8A39-41BB-BBCB-24AE3BED4C7F}"
EndProject
Global
	GlobalSection(SolutionConfigurationPlatforms) = preSolution
		Debug|Any CPU = Debug|Any CPU
		Release|Any CPU = Release|Any CPU
	EndGlobalSection
	GlobalSection(ProjectConfigurationPlatforms) = postSolution
		{D3ECD74C-122E-41CF-BB29-4A32991AF458}.Debug|Any CPU.ActiveCfg = Debug|Any CPU
		{D3ECD74C-122E-41CF-BB29-4A32991AF458}.Debug|Any CPU.Build.0 = Debug|Any CPU
		{D3ECD74C-122E-41CF-BB29-4A32991AF458}.Release|Any CPU.ActiveCfg = Release|Any CPU
		{D3ECD74C-122E-41CF-BB29-4A32991AF458}.Release|Any CPU.Build.0 = Release|Any CPU
		{3555C0D4-D023-4916-9811-00C5EBF13EB1}.Debug|Any CPU.ActiveCfg = Debug|Any CPU
		{3555C0D4-D023-4916-9811-00C5EBF13EB1}.Debug|Any CPU.Build.0 = Debug|Any CPU
		{3555C0D4-D023-4916-9811-00C5EBF13EB1}.Release|Any CPU.ActiveCfg = Release|Any CPU
		{3555C0D4-D023-4916-9811-00C5EBF13EB1}.Release|Any CPU.Build.0 = Release|Any CPU
		{5004FDAD-8A39-41BB-BBCB-24AE3BED4C7F}.Debug|Any CPU.ActiveCfg = Debug|Any CPU
		{5004FDAD-8A39-41BB-BBCB-24AE3BED4C7F}.Debug|Any CPU.Build.0 = Debug|Any CPU
		{5004FDAD-8A39-41BB-BBCB-24AE3BED4C7F}.Release|Any CPU.ActiveCfg = Release|Any CPU
		{5004FDAD-8A39-41BB-BBCB-24AE3BED4C7F}.Release|Any CPU.Build.0 = Release|Any CPU
	EndGlobalSection
	GlobalSection(SolutionProperties) = preSolution
		HideSolutionNode = FALSE
	EndGlobalSection
	GlobalSection(ExtensibilityGlobals) = postSolution
		SolutionGuid = {BA0A689D-2366-4D7B-801A-F504BAEBF88D}
	EndGlobalSection
EndGlobal
